lockfileVersion: '6.0'

settings:
  autoInstallPeers: true
  excludeLinksFromLockfile: false

devDependencies:
  '@farmfe/plugin-tools':
    specifier: ^0.1.0
    version: 0.1.0

packages:

  /@farmfe/plugin-tools@0.1.0:
    resolution: {integrity: sha512-Q6EDYSNh8s09j6fY9qenU91pZbz/5Uw8UCazCTmjiDO5OcyA0Xzc4dyrXOq7O7HU+sM5534DzBTjpS0ipXUHVg==}
    hasBin: true
    dependencies:
      '@napi-rs/cli': 2.18.0
    dev: true

  /@napi-rs/cli@2.18.0:
    resolution: {integrity: sha512-lfSRT7cs3iC4L+kv9suGYQEezn5Nii7Kpu+THsYVI0tA1Vh59LH45p4QADaD7hvIkmOz79eEGtoKQ9nAkAPkzA==}
    engines: {node: '>= 10'}
    hasBin: true
    dev: true
